
Microsoft Visual Studio Solution File, Format Version 12.00
# Visual Studio Version 17
VisualStudioVersion = 17.4.33110.190
MinimumVisualStudioVersion = 10.0.40219.1
Project("{FAE04EC0-301F-11D3-BF4B-00C04F79EFBC}") = "ByteBank", "ByteBank\ByteBank.csproj", "{6013DC32-8739-4F8A-9D1F-B2E15EA98E92}"
EndProject
Global
	GlobalSection(SolutionConfigurationPlatforms) = preSolution
		Debug|Any CPU = Debug|Any CPU
		Release|Any CPU = Release|Any CPU
	EndGlobalSection
	GlobalSection(ProjectConfigurationPlatforms) = postSolution
		{6013DC32-8739-4F8A-9D1F-B2E15EA98E92}.Debug|Any CPU.ActiveCfg = Debug|Any CPU
		{6013DC32-8739-4F8A-9D1F-B2E15EA98E92}.Debug|Any CPU.Build.0 = Debug|Any CPU
		{6013DC32-8739-4F8A-9D1F-B2E15EA98E92}.Release|Any CPU.ActiveCfg = Release|Any CPU
		{6013DC32-8739-4F8A-9D1F-B2E15EA98E92}.Release|Any CPU.Build.0 = Release|Any CPU
	EndGlobalSection
	GlobalSection(SolutionProperties) = preSolution
		HideSolutionNode = FALSE
	EndGlobalSection
	GlobalSection(ExtensibilityGlobals) = postSolution
		SolutionGuid = {29ADEFEC-DA76-43A1-84E8-D861CF3245B1}
	EndGlobalSection
EndGlobal
